// !$*UTF8*$!
{
	archiveVersion = 1;
	classes = {
	};
	objectVersion = 56;
	objects = {

/* Begin PBXBuildFile section */
		110000012C12345600000001 /* VisualizerApp.swift in Sources */ = {isa = PBXBuildFile; fileRef = 110000012C12345600000002 /* VisualizerApp.swift */; };
		110000022C12345600000001 /* AudioEngineManager.swift in Sources */ = {isa = PBXBuildFile; fileRef = 110000022C12345600000002 /* AudioEngineManager.swift */; };
		110000032C12345600000001 /* FFTProcessor.swift in Sources */ = {isa = PBXBuildFile; fileRef = 110000032C12345600000002 /* FFTProcessor.swift */; };
		110000042C12345600000001 /* VisualizerView.swift in Sources */ = {isa = PBXBuildFile; fileRef = 110000042C12345600000002 /* VisualizerView.swift */; };
		110000052C12345600000001 /* SpectrumBarsVisualizer.swift in Sources */ = {isa = PBXBuildFile; fileRef = 110000052C12345600000002 /* SpectrumBarsVisualizer.swift */; };
		110000062C12345600000001 /* PermissionWarningView.swift in Sources */ = {isa = PBXBuildFile; fileRef = 110000062C12345600000002 /* PermissionWarningView.swift */; };
		110000212C12345600000001 /* OscilloscopeVisualizer.swift in Sources */ = {isa = PBXBuildFile; fileRef = 110000212C12345600000002 /* OscilloscopeVisualizer.swift */; };
		110000222C12345600000001 /* FrequencyVortexVisualizer.swift in Sources */ = {isa = PBXBuildFile; fileRef = 110000222C12345600000002 /* FrequencyVortexVisualizer.swift */; };
		110000242C12345600000001 /* MetalParticleVisualizer.swift in Sources */ = {isa = PBXBuildFile; fileRef = 110000242C12345600000002 /* MetalParticleVisualizer.swift */; };
/* End PBXBuildFile section */

/* Begin PBXFileReference section */
		110000012C12345600000002 /* VisualizerApp.swift */ = {isa = PBXFileReference; lastKnownFileType = sourcecode.swift; path = VisualizerApp.swift; sourceTree = "<group>"; };
		110000022C12345600000002 /* AudioEngineManager.swift */ = {isa = PBXFileReference; lastKnownFileType = sourcecode.swift; path = AudioEngineManager.swift; sourceTree = "<group>"; };
		110000032C12345600000002 /* FFTProcessor.swift */ = {isa = PBXFileReference; lastKnownFileType = sourcecode.swift; path = FFTProcessor.swift; sourceTree = "<group>"; };
		110000042C12345600000002 /* VisualizerView.swift */ = {isa = PBXFileReference; lastKnownFileType = sourcecode.swift; path = VisualizerView.swift; sourceTree = "<group>"; };
		110000052C12345600000002 /* SpectrumBarsVisualizer.swift */ = {isa = PBXFileReference; lastKnownFileType = sourcecode.swift; path = SpectrumBarsVisualizer.swift; sourceTree = "<group>"; };
		110000062C12345600000002 /* PermissionWarningView.swift */ = {isa = PBXFileReference; lastKnownFileType = sourcecode.swift; path = PermissionWarningView.swift; sourceTree = "<group>"; };
		110000072C12345600000002 /* Info.plist */ = {isa = PBXFileReference; lastKnownFileType = text.plist.xml; path = Info.plist; sourceTree = "<group>"; };
		110000082C12345600000002 /* Visualizer.app */ = {isa = PBXFileReference; explicitFileType = wrapper.application; includeInIndex = 0; path = Visualizer.app; sourceTree = BUILT_PRODUCTS_DIR; };
		110000212C12345600000002 /* OscilloscopeVisualizer.swift */ = {isa = PBXFileReference; lastKnownFileType = sourcecode.swift; path = OscilloscopeVisualizer.swift; sourceTree = "<group>"; };
		110000222C12345600000002 /* FrequencyVortexVisualizer.swift */ = {isa = PBXFileReference; lastKnownFileType = sourcecode.swift; path = FrequencyVortexVisualizer.swift; sourceTree = "<group>"; };
		110000232C12345600000002 /* Shaders.metal */ = {isa = PBXFileReference; lastKnownFileType = sourcecode.metal; path = Shaders.metal; sourceTree = "<group>"; };
		110000242C12345600000002 /* MetalParticleVisualizer.swift */ = {isa = PBXFileReference; lastKnownFileType = sourcecode.swift; path = MetalParticleVisualizer.swift; sourceTree = "<group>"; };
/* End PBXFileReference section */

/* Begin PBXFrameworksBuildPhase section */
		110000092C12345600000001 /* Frameworks */ = {
			isa = PBXFrameworksBuildPhase;
			buildActionMask = 2147483647;
			files = (
			);
			runOnlyForDeploymentPostprocessing = 0;
		};
/* End PBXFrameworksBuildPhase section */

/* Begin PBXGroup section */
		1100000A2C12345600000001 /* CustomGroup */ = {
			isa = PBXGroup;
			children = (
				1100000E2C12345600000001 /* App */,
				1100000B2C12345600000001 /* Audio */,
				1100000C2C12345600000001 /* Views */,
				1100000D2C12345600000001 /* Products */,
			);
			sourceTree = "<group>";
		};
		1100000E2C12345600000001 /* App */ = {
			isa = PBXGroup;
			children = (
				110000012C12345600000002 /* VisualizerApp.swift */,
				110000072C12345600000002 /* Info.plist */,
			);
			name = App;
			sourceTree = "<group>";
		};
		1100000B2C12345600000001 /* Audio */ = {
			isa = PBXGroup;
			children = (
				110000022C12345600000002 /* AudioEngineManager.swift */,
				110000032C12345600000002 /* FFTProcessor.swift */,
			);
			name = Audio;
			path = Audio;
			sourceTree = "<group>";
		};
		1100000C2C12345600000001 /* Views */ = {
			isa = PBXGroup;
			children = (
				110000042C12345600000002 /* VisualizerView.swift */,
				110000052C12345600000002 /* SpectrumBarsVisualizer.swift */,
				110000062C12345600000002 /* PermissionWarningView.swift */,
				110000212C12345600000002 /* OscilloscopeVisualizer.swift */,
				110000222C12345600000002 /* FrequencyVortexVisualizer.swift */,
				110000232C12345600000002 /* Shaders.metal */,
				110000242C12345600000002 /* MetalParticleVisualizer.swift */,
			);
			name = Views;
			path = Views;
			sourceTree = "<group>";
		};
		1100000D2C12345600000001 /* Products */ = {
			isa = PBXGroup;
			children = (
				110000082C12345600000002 /* Visualizer.app */,
			);
			name = Products;
			sourceTree = "<group>";
		};
/* End PBXGroup section */

/* Begin PBXNativeTarget section */
		1100000F2C12345600000001 /* Visualizer */ = {
			isa = PBXNativeTarget;
			buildConfigurationList = 110000102C12345600000001 /* Build configuration list for PBXNativeTarget "Visualizer" */;
			buildPhases = (
				110000112C12345600000001 /* Sources */,
				110000092C12345600000001 /* Frameworks */,
				110000122C12345600000001 /* Resources */,
			);
			buildRules = (
			);
			dependencies = (
			);
			name = Visualizer;
			productName = Visualizer;
			productReference = 110000082C12345600000002 /* Visualizer.app */;
			productType = "com.apple.product-type.application";
		};
/* End PBXNativeTarget section */

/* Begin PBXProject section */
		110000132C12345600000001 /* Project object */ = {
			isa = PBXProject;
			attributes = {
				BuildIndependentTargetsInParallel = 1;
				LastSwiftUpdateCheck = 1500;
				LastUpgradeCheck = 1500;
				TargetAttributes = {
					1100000F2C12345600000001 = {
						CreatedOnToolsVersion = 15.0;
						LastSwiftMigration = 1500;
					};
				};
			};
			buildConfigurationList = 110000142C12345600000001 /* Build configuration list for PBXProject "Visualizer" */;
			compatibilityVersion = "Xcode 14.0";
			developmentRegion = en;
			hasScannedForEncodings = 0;
			knownRegions = (
				en,
				Base,
			);
			mainGroup = 1100000A2C12345600000001 /* CustomGroup */;
			productRefGroup = 1100000D2C12345600000001 /* Products */;
			projectDirPath = "";
			projectRoot = "";
			targets = (
				1100000F2C12345600000001 /* Visualizer */,
			);
		};
/* End PBXProject section */

/* Begin PBXResourcesBuildPhase section */
		110000122C12345600000001 /* Resources */ = {
			isa = PBXResourcesBuildPhase;
			buildActionMask = 2147483647;
			files = (
			);
			runOnlyForDeploymentPostprocessing = 0;
		};
/* End PBXResourcesBuildPhase section */

/* Begin PBXSourcesBuildPhase section */
		110000112C12345600000001 /* Sources */ = {
			isa = PBXSourcesBuildPhase;
			buildActionMask = 2147483647;
			files = (
				110000012C12345600000001 /* VisualizerApp.swift in Sources */,
				110000022C12345600000001 /* AudioEngineManager.swift in Sources */,
				110000032C12345600000001 /* FFTProcessor.swift in Sources */,
				110000042C12345600000001 /* VisualizerView.swift in Sources */,
				110000052C12345600000001 /* SpectrumBarsVisualizer.swift in Sources */,
				110000062C12345600000001 /* PermissionWarningView.swift in Sources */,
				110000212C12345600000001 /* OscilloscopeVisualizer.swift in Sources */,
				110000222C12345600000001 /* FrequencyVortexVisualizer.swift in Sources */,
				110000242C12345600000001 /* MetalParticleVisualizer.swift in Sources */,
			);
			runOnlyForDeploymentPostprocessing = 0;
		};
/* End PBXSourcesBuildPhase section */

/* Begin XCBuildConfiguration section */
		110000152C12345600000001 /* Debug */ = {
			isa = XCBuildConfiguration;
			buildSettings = {
				ALWAYS_SEARCH_USER_PATHS = NO;
				ASSETCATALOG_COMPILER_GENERATE_SWIFT_ASSET_SYMBOL_EXTENSIONS = YES;
				CLANG_ANALYZER_NONNULL = YES;
				CLANG_ANALYZER_NUMBER_OBJECT_CONVERSION = YES_AGGRESSIVE;
				CLANG_CXX_LANGUAGE_STANDARD = "gnu++20";
				CLANG_ENABLE_MODULES = YES;
				CLANG_ENABLE_OBJC_ARC = YES;
				CLANG_ENABLE_OBJC_WEAK = YES;
				CLANG_WARN_BLOCK_MIN_SIDE_EFFECTS = YES;
				CLANG_WARN_BOOL_CONVERSION = YES;
				CLANG_WARN_COMMA = YES;
				CLANG_WARN_CONSTANT_CONVERSION = YES;
				CLANG_WARN_DEPRECATED_OBJC_IMPLEMENTATIONS = YES;
				CLANG_WARN_DIRECT_OBJC_REPLAY = YES;
				CLANG_WARN_DOCUMENTATION_COMMENTS = YES;
				CLANG_WARN_EMPTY_BODY = YES;
				CLANG_WARN_ENUM_CONVERSION = YES;
				CLANG_WARN_INFINITE_RECURSION = YES;
				CLANG_WARN_INT_CONVERSION = YES;
				CLANG_WARN_NON_LITERAL_NULL_CONVERSION = YES;
				CLANG_WARN_OBJC_IMPLICIT_RETAIN_SELF = YES;
				CLANG_WARN_OBJC_LITERAL_CONVERSION = YES;
				CLANG_WARN_OBJC_ROOT_CLASS = YES_ERROR;
				CLANG_WARN_QUOTED_INCLUDE_IN_FRAMEWORK_HEADER = YES;
				CLANG_WARN_RANGE_LOOP_ANALYSIS = YES;
				CLANG_WARN_STRICT_PROTOTYPES = YES;
				CLANG_WARN_SUSPICIOUS_MOVE = YES;
				CLANG_WARN_UNGUARDED_AVAILABILITY = YES_AGGRESSIVE;
				CLANG_WARN_UNREACHABLE_CODE = YES;
				COPY_PHASE_STRIP = NO;
				DEBUG_INFORMATION_FORMAT = dwarf;
				ENABLE_STRICT_OBJC_MSGSEND = YES;
				ENABLE_TESTABILITY = YES;
				ENABLE_USER_SCRIPT_SANDBOXING = YES;
				GCC_C_LANGUAGE_STANDARD = gnu17;
				GCC_DYNAMIC_NO_PIC = NO;
				GCC_NO_COMMON_BLOCKS = YES;
				GCC_OPTIMIZATION_LEVEL = 0;
				GCC_PREPROCESSOR_DEFINITIONS = (
					"DEBUG=1",
					"$(inherited)",
				);
				GCC_WARN_64_TO_32_BIT_CONVERSION = YES;
				GCC_WARN_ABOUT_RETURN_TYPE = YES_ERROR;
				GCC_WARN_UNDECLARED_SELECTOR = YES;
				GCC_WARN_UNINITIALIZED_ACTUAL = YES_AGGRESSIVE;
				GCC_WARN_UNUSED_FUNCTION = YES;
				GCC_WARN_UNUSED_VARIABLE = YES;
				MACOSX_DEPLOYMENT_TARGET = 13.0;
				MTL_ENABLE_DEBUG_INFO = INCLUDE_SOURCE;
				MTL_FAST_MATH = YES;
				ONLY_ACTIVE_ARCH = YES;
				SDKROOT = macosx;
				SWIFT_ACTIVE_COMPILATION_CONDITIONS = "DEBUG $(inherited)";
				SWIFT_OPTIMIZATION_LEVEL = "-Onone";
			};
			name = Debug;
		};
		110000162C12345600000001 /* Release */ = {
			isa = XCBuildConfiguration;
			buildSettings = {
				ALWAYS_SEARCH_USER_PATHS = NO;
				ASSETCATALOG_COMPILER_GENERATE_SWIFT_ASSET_SYMBOL_EXTENSIONS = YES;
				CLANG_ANALYZER_NONNULL = YES;
				CLANG_ANALYZER_NUMBER_OBJECT_CONVERSION = YES_AGGRESSIVE;
				CLANG_CXX_LANGUAGE_STANDARD = "gnu++20";
				CLANG_ENABLE_MODULES = YES;
				CLANG_ENABLE_OBJC_ARC = YES;
				CLANG_ENABLE_OBJC_WEAK = YES;
				CLANG_WARN_BLOCK_MIN_SIDE_EFFECTS = YES;
				CLANG_WARN_BOOL_CONVERSION = YES;
				CLANG_WARN_COMMA = YES;
				CLANG_WARN_CONSTANT_CONVERSION = YES;
				CLANG_WARN_DEPRECATED_OBJC_IMPLEMENTATIONS = YES;
				CLANG_WARN_DIRECT_OBJC_REPLAY = YES;
				CLANG_WARN_DOCUMENTATION_COMMENTS = YES;
				CLANG_WARN_EMPTY_BODY = YES;
				CLANG_WARN_ENUM_CONVERSION = YES;
				CLANG_WARN_INFINITE_RECURSION = YES;
				CLANG_WARN_INT_CONVERSION = YES;
				CLANG_WARN_NON_LITERAL_NULL_CONVERSION = YES;
				CLANG_WARN_OBJC_IMPLICIT_RETAIN_SELF = YES;
				CLANG_WARN_OBJC_LITERAL_CONVERSION = YES;
				CLANG_WARN_OBJC_ROOT_CLASS = YES_ERROR;
				CLANG_WARN_QUOTED_INCLUDE_IN_FRAMEWORK_HEADER = YES;
				CLANG_WARN_RANGE_LOOP_ANALYSIS = YES;
				CLANG_WARN_STRICT_PROTOTYPES = YES;
				CLANG_WARN_SUSPICIOUS_MOVE = YES;
				CLANG_WARN_UNGUARDED_AVAILABILITY = YES_AGGRESSIVE;
				CLANG_WARN_UNREACHABLE_CODE = YES;
				COPY_PHASE_STRIP = NO;
				DEBUG_INFORMATION_FORMAT = "dwarf-with-dsym";
				ENABLE_NS_ASSERTIONS = NO;
				ENABLE_STRICT_OBJC_MSGSEND = YES;
				ENABLE_USER_SCRIPT_SANDBOXING = YES;
				GCC_C_LANGUAGE_STANDARD = gnu17;
				GCC_NO_COMMON_BLOCKS = YES;
				GCC_WARN_64_TO_32_BIT_CONVERSION = YES;
				GCC_WARN_ABOUT_RETURN_TYPE = YES_ERROR;
				GCC_WARN_UNUSED_FUNCTION = YES;
				GCC_WARN_UNUSED_VARIABLE = YES;
				MACOSX_DEPLOYMENT_TARGET = 13.0;
				MTL_ENABLE_DEBUG_INFO = NO;
				MTL_FAST_MATH = YES;
				SDKROOT = macosx;
				SWIFT_COMPILATION_MODE = wholemodule;
			};
			name = Release;
		};
		110000172C12345600000001 /* Debug */ = {
			isa = XCBuildConfiguration;
			buildSettings = {
				ASSETCATALOG_COMPILER_APPICON_NAME = AppIcon;
				CODE_SIGN_STYLE = Automatic;
				COMBINE_HIDPI_IMAGES = YES;
				DEVELOPMENT_ASSET_PATHS = "";
				ENABLE_HARDENED_RUNTIME = YES;
				INFOPLIST_FILE = Info.plist;
				LD_RUNPATH_SEARCH_PATHS = (
					"$(inherited)",
					"@executable_path/../Frameworks",
				);
				PRODUCT_BUNDLE_IDENTIFIER = com.danielmoura.Visualizer;
				PRODUCT_NAME = "$(TARGET_NAME)";
				SWIFT_EMIT_LOC_STRINGS = YES;
				SWIFT_VERSION = 5.9;
			};
			name = Debug;
		};
		110000182C12345600000001 /* Release */ = {
			isa = XCBuildConfiguration;
			buildSettings = {
				ASSETCATALOG_COMPILER_APPICON_NAME = AppIcon;
				CODE_SIGN_STYLE = Automatic;
				COMBINE_HIDPI_IMAGES = YES;
				DEVELOPMENT_ASSET_PATHS = "";
				ENABLE_HARDENED_RUNTIME = YES;
				INFOPLIST_FILE = Info.plist;
				LD_RUNPATH_SEARCH_PATHS = (
					"$(inherited)",
					"@executable_path/../Frameworks",
				);
				PRODUCT_BUNDLE_IDENTIFIER = com.danielmoura.Visualizer;
				PRODUCT_NAME = "$(TARGET_NAME)";
				SWIFT_EMIT_LOC_STRINGS = YES;
				SWIFT_VERSION = 5.9;
			};
			name = Release;
		};
/* End XCBuildConfiguration section */

/* Begin XCConfigurationList section */
		110000102C12345600000001 /* Build configuration list for PBXNativeTarget "Visualizer" */ = {
			isa = XCConfigurationList;
			buildConfigurations = (
				110000172C12345600000001 /* Debug */,
				110000182C12345600000001 /* Release */,
			);
			defaultConfigurationIsVisible = 0;
			defaultConfigurationName = Release;
		};
		110000142C12345600000001 /* Build configuration list for PBXProject "Visualizer" */ = {
			isa = XCConfigurationList;
			buildConfigurations = (
				110000152C12345600000001 /* Debug */,
				110000162C12345600000001 /* Release */,
			);
			defaultConfigurationIsVisible = 0;
			defaultConfigurationName = Release;
		};
/* End XCConfigurationList section */
	};
	rootObject = 110000132C12345600000001 /* Project object */;
}
